{
  "name": "react-web-carousel",
  "version": "1.1.1",
  "lockfileVersion": 1,
  "requires": true,
  "dependencies": {
    "@alloc/types": {
      "version": "1.3.0",
      "resolved": "https://registry.npmjs.org/@alloc/types/-/types-1.3.0.tgz",
      "integrity": "sha512-mH7LiFiq9g6rX2tvt1LtwsclfG5hnsmtIfkZiauAGrm1AwXhoRS0sF2WrN9JGN7eV5vFXqNaB0eXZ3IvMsVi9g=="
    },
    "@babel/runtime": {
      "version": "7.11.2",
      "resolved": "https://registry.npmjs.org/@babel/runtime/-/runtime-7.11.2.tgz",
      "integrity": "sha512-TeWkU52so0mPtDcaCTxNBI/IHiz0pZgr8VEFqXFtZWpYD08ZB6FaSwVAS8MKRQAP3bYKiVjwysOJgMFY28o6Tw==",
      "requires": {
        "regenerator-runtime": "^0.13.4"
      }
    },
    "@date-io/core": {
      "version": "1.3.13",
      "resolved": "https://registry.npmjs.org/@date-io/core/-/core-1.3.13.tgz",
      "integrity": "sha512-AlEKV7TxjeK+jxWVKcCFrfYAk8spX9aCyiToFIiLPtfQbsjmRGLIhb5VZgptQcJdHtLXo7+m0DuurwFgUToQuA=="
    },
    "@emotion/hash": {
      "version": "0.8.0",
      "resolved": "https://registry.npmjs.org/@emotion/hash/-/hash-0.8.0.tgz",
      "integrity": "sha512-kBJtf7PH6aWwZ6fka3zQ0p6SBYzx4fl1LoZXE2RrnYST9Xljm7WfKJrU4g/Xr3Beg72MLrp1AWNUmuYJTL7Cow=="
    },
    "@juggle/resize-observer": {
      "version": "3.2.0",
      "resolved": "https://registry.npmjs.org/@juggle/resize-observer/-/resize-observer-3.2.0.tgz",
      "integrity": "sha512-fsLxt0CHx2HCV9EL8lDoVkwHffsA0snUpddYjdLyXcG5E41xaamn9ZyQqOE9TUJdrRlH8/hjIf+UdOdDeKCUgg=="
    },
    "@material-ui/core": {
      "version": "4.11.0",
      "resolved": "https://registry.npmjs.org/@material-ui/core/-/core-4.11.0.tgz",
      "integrity": "sha512-bYo9uIub8wGhZySHqLQ833zi4ZML+XCBE1XwJ8EuUVSpTWWG57Pm+YugQToJNFsEyiKFhPh8DPD0bgupz8n01g==",
      "requires": {
        "@babel/runtime": "^7.4.4",
        "@material-ui/styles": "^4.10.0",
        "@material-ui/system": "^4.9.14",
        "@material-ui/types": "^5.1.0",
        "@material-ui/utils": "^4.10.2",
        "@types/react-transition-group": "^4.2.0",
        "clsx": "^1.0.4",
        "hoist-non-react-statics": "^3.3.2",
        "popper.js": "1.16.1-lts",
        "prop-types": "^15.7.2",
        "react-is": "^16.8.0",
        "react-transition-group": "^4.4.0"
      }
    },
    "@material-ui/icons": {
      "version": "4.9.1",
      "resolved": "https://registry.npmjs.org/@material-ui/icons/-/icons-4.9.1.tgz",
      "integrity": "sha512-GBitL3oBWO0hzBhvA9KxqcowRUsA0qzwKkURyC8nppnC3fw54KPKZ+d4V1Eeg/UnDRSzDaI9nGCdel/eh9AQMg==",
      "requires": {
        "@babel/runtime": "^7.4.4"
      }
    },
    "@material-ui/pickers": {
      "version": "3.2.10",
      "resolved": "https://registry.npmjs.org/@material-ui/pickers/-/pickers-3.2.10.tgz",
      "integrity": "sha512-B8G6Obn5S3RCl7hwahkQj9sKUapwXWFjiaz/Bsw1fhYFdNMnDUolRiWQSoKPb1/oKe37Dtfszoywi1Ynbo3y8w==",
      "requires": {
        "@babel/runtime": "^7.6.0",
        "@date-io/core": "1.x",
        "@types/styled-jsx": "^2.2.8",
        "clsx": "^1.0.2",
        "react-transition-group": "^4.0.0",
        "rifm": "^0.7.0"
      }
    },
    "@material-ui/styles": {
      "version": "4.10.0",
      "resolved": "https://registry.npmjs.org/@material-ui/styles/-/styles-4.10.0.tgz",
      "integrity": "sha512-XPwiVTpd3rlnbfrgtEJ1eJJdFCXZkHxy8TrdieaTvwxNYj42VnnCyFzxYeNW9Lhj4V1oD8YtQ6S5Gie7bZDf7Q==",
      "requires": {
        "@babel/runtime": "^7.4.4",
        "@emotion/hash": "^0.8.0",
        "@material-ui/types": "^5.1.0",
        "@material-ui/utils": "^4.9.6",
        "clsx": "^1.0.4",
        "csstype": "^2.5.2",
        "hoist-non-react-statics": "^3.3.2",
        "jss": "^10.0.3",
        "jss-plugin-camel-case": "^10.0.3",
        "jss-plugin-default-unit": "^10.0.3",
        "jss-plugin-global": "^10.0.3",
        "jss-plugin-nested": "^10.0.3",
        "jss-plugin-props-sort": "^10.0.3",
        "jss-plugin-rule-value-function": "^10.0.3",
        "jss-plugin-vendor-prefixer": "^10.0.3",
        "prop-types": "^15.7.2"
      }
    },
    "@material-ui/system": {
      "version": "4.9.14",
      "resolved": "https://registry.npmjs.org/@material-ui/system/-/system-4.9.14.tgz",
      "integrity": "sha512-oQbaqfSnNlEkXEziDcJDDIy8pbvwUmZXWNqlmIwDqr/ZdCK8FuV3f4nxikUh7hvClKV2gnQ9djh5CZFTHkZj3w==",
      "requires": {
        "@babel/runtime": "^7.4.4",
        "@material-ui/utils": "^4.9.6",
        "csstype": "^2.5.2",
        "prop-types": "^15.7.2"
      }
    },
    "@material-ui/types": {
      "version": "5.1.0",
      "resolved": "https://registry.npmjs.org/@material-ui/types/-/types-5.1.0.tgz",
      "integrity": "sha512-7cqRjrY50b8QzRSYyhSpx4WRw2YuO0KKIGQEVk5J8uoz2BanawykgZGoWEqKm7pVIbzFDN0SpPcVV4IhOFkl8A=="
    },
    "@material-ui/utils": {
      "version": "4.10.2",
      "resolved": "https://registry.npmjs.org/@material-ui/utils/-/utils-4.10.2.tgz",
      "integrity": "sha512-eg29v74P7W5r6a4tWWDAAfZldXIzfyO1am2fIsC39hdUUHm/33k6pGOKPbgDjg/U/4ifmgAePy/1OjkKN6rFRw==",
      "requires": {
        "@babel/runtime": "^7.4.4",
        "prop-types": "^15.7.2",
        "react-is": "^16.8.0"
      }
    },
    "@react-spring/animated": {
      "version": "9.0.0-rc.3",
      "resolved": "https://registry.npmjs.org/@react-spring/animated/-/animated-9.0.0-rc.3.tgz",
      "integrity": "sha512-dAvgtKhkYpzzr+EkmZ4ZuJ5CujxCW0LaT109DvO/2MQNk3EWIxcgl+ik4tSulSbgau1GN8RlkRKyDp0wISdQ3Q==",
      "requires": {
        "@babel/runtime": "^7.3.1",
        "@react-spring/shared": "9.0.0-rc.3",
        "react-layout-effect": "^1.0.1"
      }
    },
    "@react-spring/core": {
      "version": "9.0.0-rc.3",
      "resolved": "https://registry.npmjs.org/@react-spring/core/-/core-9.0.0-rc.3.tgz",
      "integrity": "sha512-3OzsVFxpfMJNkkQj8TwAH3NhUAX76AXu6WkslQF4EgBeEoG5eY3m+VvM9RsAsGWDuBKpscZ/wBpFt5Ih6KdGHA==",
      "requires": {
        "@babel/runtime": "^7.3.1",
        "@react-spring/animated": "9.0.0-rc.3",
        "@react-spring/shared": "9.0.0-rc.3",
        "react-layout-effect": "^1.0.1",
        "use-memo-one": "^1.1.0"
      }
    },
    "@react-spring/konva": {
      "version": "9.0.0-rc.3",
      "resolved": "https://registry.npmjs.org/@react-spring/konva/-/konva-9.0.0-rc.3.tgz",
      "integrity": "sha512-uampLRgrHIqA3ilnheePUVEUE+fdeipXORI4XZJFsORP01CUJeJCxBwMagaxvsHJAtuNErMI/IebE1T2W8i5qA==",
      "requires": {
        "@babel/runtime": "^7.3.1",
        "@react-spring/animated": "9.0.0-rc.3",
        "@react-spring/core": "9.0.0-rc.3",
        "@react-spring/shared": "9.0.0-rc.3"
      }
    },
    "@react-spring/native": {
      "version": "9.0.0-rc.3",
      "resolved": "https://registry.npmjs.org/@react-spring/native/-/native-9.0.0-rc.3.tgz",
      "integrity": "sha512-7JSixJLfzg8V0IrgyGS3gGr2v8CGh4Kym15Htp3CJq74GFBJMyaQS0KaMjieXnw5alTpQoeGBESfA3v5dPlPYg==",
      "requires": {
        "@babel/runtime": "^7.3.1",
        "@react-spring/animated": "9.0.0-rc.3",
        "@react-spring/core": "9.0.0-rc.3",
        "@react-spring/shared": "9.0.0-rc.3"
      }
    },
    "@react-spring/shared": {
      "version": "9.0.0-rc.3",
      "resolved": "https://registry.npmjs.org/@react-spring/shared/-/shared-9.0.0-rc.3.tgz",
      "integrity": "sha512-dd50TxwwMWd+dSB0InjndUN9w17cbnMCPy+0sag6zRxxKIo7eOyWSliOtLKxvufgmdC8Prm4M3GT5dmB1yxKEQ==",
      "requires": {
        "@alloc/types": "^1.2.1",
        "@babel/runtime": "^7.3.1",
        "fluids": "^0.1.6",
        "tslib": "^1.11.1"
      }
    },
    "@react-spring/three": {
      "version": "9.0.0-rc.3",
      "resolved": "https://registry.npmjs.org/@react-spring/three/-/three-9.0.0-rc.3.tgz",
      "integrity": "sha512-H55T+Dnck+hsJ8WgE+tb89ngX1E1lDOpMBG4mGzNLGok6XgGqN0VBsHRN3QDl+aPfmJI1BPFPR6b6WbhwqRNbw==",
      "requires": {
        "@babel/runtime": "^7.3.1",
        "@react-spring/animated": "9.0.0-rc.3",
        "@react-spring/core": "9.0.0-rc.3",
        "@react-spring/shared": "9.0.0-rc.3"
      }
    },
    "@react-spring/web": {
      "version": "9.0.0-rc.3",
      "resolved": "https://registry.npmjs.org/@react-spring/web/-/web-9.0.0-rc.3.tgz",
      "integrity": "sha512-rEvipblmihiz8+Eo01zDp5dqWn6XfYk8q2rlN9c18YIOL4o6nuY/VplDoocUMHYfH4liurpO4o1QudKOO1nAiQ==",
      "requires": {
        "@babel/runtime": "^7.3.1",
        "@react-spring/animated": "9.0.0-rc.3",
        "@react-spring/core": "9.0.0-rc.3",
        "@react-spring/shared": "9.0.0-rc.3"
      }
    },
    "@react-spring/zdog": {
      "version": "9.0.0-rc.3",
      "resolved": "https://registry.npmjs.org/@react-spring/zdog/-/zdog-9.0.0-rc.3.tgz",
      "integrity": "sha512-fl2JI098sfOJ+BaS9xCrnz8NSimL8yPrVwO0lHSpXLn/q3o3MYmRAeJnZQv8yDtT6isTHua6Tfb9vWuZWEXSmA==",
      "requires": {
        "@babel/runtime": "^7.3.1",
        "@react-spring/animated": "9.0.0-rc.3",
        "@react-spring/core": "9.0.0-rc.3",
        "@react-spring/shared": "9.0.0-rc.3"
      }
    },
    "@types/lodash": {
      "version": "4.14.161",
      "resolved": "https://registry.npmjs.org/@types/lodash/-/lodash-4.14.161.tgz",
      "integrity": "sha512-EP6O3Jkr7bXvZZSZYlsgt5DIjiGr0dXP1/jVEwVLTFgg0d+3lWVQkRavYVQszV7dYUwvg0B8R0MBDpcmXg7XIA=="
    },
    "@types/lodash-es": {
      "version": "4.17.3",
      "resolved": "https://registry.npmjs.org/@types/lodash-es/-/lodash-es-4.17.3.tgz",
      "integrity": "sha512-iHI0i7ZAL1qepz1Y7f3EKg/zUMDwDfTzitx+AlHhJJvXwenP682ZyGbgPSc5Ej3eEAKVbNWKFuwOadCj5vBbYQ==",
      "requires": {
        "@types/lodash": "*"
      }
    },
    "@types/node": {
      "version": "12.12.56",
      "resolved": "https://registry.npmjs.org/@types/node/-/node-12.12.56.tgz",
      "integrity": "sha512-8OdIupOIZtmObR13fvGyTvpcuzKmMugkATeVcfNwCjGtHxhjEKmOvLqXwR8U9VOtNnZ4EXaSfNiLVsPinaCXkQ=="
    },
    "@types/prop-types": {
      "version": "15.7.3",
      "resolved": "https://registry.npmjs.org/@types/prop-types/-/prop-types-15.7.3.tgz",
      "integrity": "sha512-KfRL3PuHmqQLOG+2tGpRO26Ctg+Cq1E01D2DMriKEATHgWLfeNDmq9e29Q9WIky0dQ3NPkd1mzYH8Lm936Z9qw=="
    },
    "@types/react": {
      "version": "16.9.49",
      "resolved": "https://registry.npmjs.org/@types/react/-/react-16.9.49.tgz",
      "integrity": "sha512-DtLFjSj0OYAdVLBbyjhuV9CdGVHCkHn2R+xr3XkBvK2rS1Y1tkc14XSGjYgm5Fjjr90AxH9tiSzc1pCFMGO06g==",
      "requires": {
        "@types/prop-types": "*",
        "csstype": "^3.0.2"
      },
      "dependencies": {
        "csstype": {
          "version": "3.0.3",
          "resolved": "https://registry.npmjs.org/csstype/-/csstype-3.0.3.tgz",
          "integrity": "sha512-jPl+wbWPOWJ7SXsWyqGRk3lGecbar0Cb0OvZF/r/ZU011R4YqiRehgkQ9p4eQfo9DSDLqLL3wHwfxeJiuIsNag=="
        }
      }
    },
    "@types/react-dom": {
      "version": "16.9.8",
      "resolved": "https://registry.npmjs.org/@types/react-dom/-/react-dom-16.9.8.tgz",
      "integrity": "sha512-ykkPQ+5nFknnlU6lDd947WbQ6TE3NNzbQAkInC2EKY1qeYdTKp7onFusmYZb+ityzx2YviqT6BXSu+LyWWJwcA==",
      "requires": {
        "@types/react": "*"
      }
    },
    "@types/react-measure": {
      "version": "2.0.6",
      "resolved": "https://registry.npmjs.org/@types/react-measure/-/react-measure-2.0.6.tgz",
      "integrity": "sha512-FxAwgDVKvxm4SPXu24x9cwzsty8x33UueazHcpxM1UWZlGJI57yIHM2djE3xUJhYVxuzNzi4E8UL3kmCkdh+4A==",
      "requires": {
        "@types/react": "*"
      }
    },
    "@types/react-transition-group": {
      "version": "4.4.0",
      "resolved": "https://registry.npmjs.org/@types/react-transition-group/-/react-transition-group-4.4.0.tgz",
      "integrity": "sha512-/QfLHGpu+2fQOqQaXh8MG9q03bFENooTb/it4jr5kKaZlDQfWvjqWZg48AwzPVMBHlRuTRAY7hRHCEOXz5kV6w==",
      "requires": {
        "@types/react": "*"
      }
    },
    "@types/styled-jsx": {
      "version": "2.2.8",
      "resolved": "https://registry.npmjs.org/@types/styled-jsx/-/styled-jsx-2.2.8.tgz",
      "integrity": "sha512-Yjye9VwMdYeXfS71ihueWRSxrruuXTwKCbzue4+5b2rjnQ//AtyM7myZ1BEhNhBQ/nL/RE7bdToUoLln2miKvg==",
      "requires": {
        "@types/react": "*"
      }
    },
    "@types/yoga-layout": {
      "version": "1.9.2",
      "resolved": "https://registry.npmjs.org/@types/yoga-layout/-/yoga-layout-1.9.2.tgz",
      "integrity": "sha512-S9q47ByT2pPvD65IvrWp7qppVMpk9WGMbVq9wbWZOHg6tnXSD4vyhao6nOSBwwfDdV2p3Kx9evA9vI+XWTfDvw=="
    },
    "balanced-match": {
      "version": "1.0.0",
      "resolved": "https://registry.npmjs.org/balanced-match/-/balanced-match-1.0.0.tgz",
      "integrity": "sha1-ibTRmasr7kneFk6gK4nORi1xt2c=",
      "dev": true
    },
    "brace-expansion": {
      "version": "1.1.11",
      "resolved": "https://registry.npmjs.org/brace-expansion/-/brace-expansion-1.1.11.tgz",
      "integrity": "sha512-iCuPHDFgrHX7H2vEI/5xpz07zSHB00TpugqhmYtVmMO6518mCuRMoOYFldEBl0g187ufozdaHgWKcYFb61qGiA==",
      "dev": true,
      "requires": {
        "balanced-match": "^1.0.0",
        "concat-map": "0.0.1"
      }
    },
    "clsx": {
      "version": "1.1.1",
      "resolved": "https://registry.npmjs.org/clsx/-/clsx-1.1.1.tgz",
      "integrity": "sha512-6/bPho624p3S2pMyvP5kKBPXnI3ufHLObBFCfgx+LkeR5lg2XYy2hqZqUf45ypD8COn2bhgGJSUE+l5dhNBieA=="
    },
    "concat-map": {
      "version": "0.0.1",
      "resolved": "https://registry.npmjs.org/concat-map/-/concat-map-0.0.1.tgz",
      "integrity": "sha1-2Klr13/Wjfd5OnMDajug1UBdR3s=",
      "dev": true
    },
    "css-vendor": {
      "version": "2.0.8",
      "resolved": "https://registry.npmjs.org/css-vendor/-/css-vendor-2.0.8.tgz",
      "integrity": "sha512-x9Aq0XTInxrkuFeHKbYC7zWY8ai7qJ04Kxd9MnvbC1uO5DagxoHQjm4JvG+vCdXOoFtCjbL2XSZfxmoYa9uQVQ==",
      "requires": {
        "@babel/runtime": "^7.8.3",
        "is-in-browser": "^1.0.2"
      }
    },
    "csstype": {
      "version": "2.6.13",
      "resolved": "https://registry.npmjs.org/csstype/-/csstype-2.6.13.tgz",
      "integrity": "sha512-ul26pfSQTZW8dcOnD2iiJssfXw0gdNVX9IJDH/X3K5DGPfj+fUYe3kB+swUY6BF3oZDxaID3AJt+9/ojSAE05A=="
    },
    "debounce": {
      "version": "1.2.0",
      "resolved": "https://registry.npmjs.org/debounce/-/debounce-1.2.0.tgz",
      "integrity": "sha512-mYtLl1xfZLi1m4RtQYlZgJUNQjl4ZxVnHzIR8nLLgi4q1YT8o/WM+MK/f8yfcc9s5Ir5zRaPZyZU6xs1Syoocg=="
    },
    "dom-helpers": {
      "version": "5.2.0",
      "resolved": "https://registry.npmjs.org/dom-helpers/-/dom-helpers-5.2.0.tgz",
      "integrity": "sha512-Ru5o9+V8CpunKnz5LGgWXkmrH/20cGKwcHwS4m73zIvs54CN9epEmT/HLqFJW3kXpakAFkEdzgy1hzlJe3E4OQ==",
      "requires": {
        "@babel/runtime": "^7.8.7",
        "csstype": "^3.0.2"
      },
      "dependencies": {
        "csstype": {
          "version": "3.0.3",
          "resolved": "https://registry.npmjs.org/csstype/-/csstype-3.0.3.tgz",
          "integrity": "sha512-jPl+wbWPOWJ7SXsWyqGRk3lGecbar0Cb0OvZF/r/ZU011R4YqiRehgkQ9p4eQfo9DSDLqLL3wHwfxeJiuIsNag=="
        }
      }
    },
    "fast-deep-equal": {
      "version": "2.0.1",
      "resolved": "https://registry.npmjs.org/fast-deep-equal/-/fast-deep-equal-2.0.1.tgz",
      "integrity": "sha1-ewUhjd+WZ79/Nwv3/bLLFf3Qqkk="
    },
    "fluids": {
      "version": "0.1.9",
      "resolved": "https://registry.npmjs.org/fluids/-/fluids-0.1.9.tgz",
      "integrity": "sha512-cA5WHsJZNjsMXzAp/lxl6KLAiOgXFTOwQ+QVf39LfCcoBgih8sqkRadtjN+6UTU6KoF0h0HdYJKI3GWuqRVdBw=="
    },
    "fs.realpath": {
      "version": "1.0.0",
      "resolved": "https://registry.npmjs.org/fs.realpath/-/fs.realpath-1.0.0.tgz",
      "integrity": "sha1-FQStJSMVjKpA20onh8sBQRmU6k8=",
      "dev": true
    },
    "get-node-dimensions": {
      "version": "1.2.1",
      "resolved": "https://registry.npmjs.org/get-node-dimensions/-/get-node-dimensions-1.2.1.tgz",
      "integrity": "sha512-2MSPMu7S1iOTL+BOa6K1S62hB2zUAYNF/lV0gSVlOaacd087lc6nR1H1r0e3B1CerTo+RceOmi1iJW+vp21xcQ=="
    },
    "glob": {
      "version": "7.1.6",
      "resolved": "https://registry.npmjs.org/glob/-/glob-7.1.6.tgz",
      "integrity": "sha512-LwaxwyZ72Lk7vZINtNNrywX0ZuLyStrdDtabefZKAY5ZGJhVtgdznluResxNmPitE0SAO+O26sWTHeKSI2wMBA==",
      "dev": true,
      "requires": {
        "fs.realpath": "^1.0.0",
        "inflight": "^1.0.4",
        "inherits": "2",
        "minimatch": "^3.0.4",
        "once": "^1.3.0",
        "path-is-absolute": "^1.0.0"
      }
    },
    "hoist-non-react-statics": {
      "version": "3.3.2",
      "resolved": "https://registry.npmjs.org/hoist-non-react-statics/-/hoist-non-react-statics-3.3.2.tgz",
      "integrity": "sha512-/gGivxi8JPKWNm/W0jSmzcMPpfpPLc3dY/6GxhX2hQ9iGj3aDfklV4ET7NjKpSinLpJ5vafa9iiGIEZg10SfBw==",
      "requires": {
        "react-is": "^16.7.0"
      }
    },
    "hyphenate-style-name": {
      "version": "1.0.4",
      "resolved": "https://registry.npmjs.org/hyphenate-style-name/-/hyphenate-style-name-1.0.4.tgz",
      "integrity": "sha512-ygGZLjmXfPHj+ZWh6LwbC37l43MhfztxetbFCoYTM2VjkIUpeHgSNn7QIyVFj7YQ1Wl9Cbw5sholVJPzWvC2MQ=="
    },
    "inflight": {
      "version": "1.0.6",
      "resolved": "https://registry.npmjs.org/inflight/-/inflight-1.0.6.tgz",
      "integrity": "sha1-Sb1jMdfQLQwJvJEKEHW6gWW1bfk=",
      "dev": true,
      "requires": {
        "once": "^1.3.0",
        "wrappy": "1"
      }
    },
    "inherits": {
      "version": "2.0.4",
      "resolved": "https://registry.npmjs.org/inherits/-/inherits-2.0.4.tgz",
      "integrity": "sha512-k/vGaX4/Yla3WzyMCvTQOXYeIHvqOKtnqBduzTHpzpQZzAskKMhZ2K+EnBiSM9zGSoIFeMpXKxa4dYeZIQqewQ==",
      "dev": true
    },
    "is-in-browser": {
      "version": "1.1.3",
      "resolved": "https://registry.npmjs.org/is-in-browser/-/is-in-browser-1.1.3.tgz",
      "integrity": "sha1-Vv9NtoOgeMYILrldrX3GLh0E+DU="
    },
    "js-tokens": {
      "version": "4.0.0",
      "resolved": "https://registry.npmjs.org/js-tokens/-/js-tokens-4.0.0.tgz",
      "integrity": "sha512-RdJUflcE3cUzKiMqQgsCu06FPu9UdIJO0beYbPhHN4k6apgJtifcoCtT9bcxOpYBtpD2kCM6Sbzg4CausW/PKQ=="
    },
    "jss": {
      "version": "10.4.0",
      "resolved": "https://registry.npmjs.org/jss/-/jss-10.4.0.tgz",
      "integrity": "sha512-l7EwdwhsDishXzqTc3lbsbyZ83tlUl5L/Hb16pHCvZliA9lRDdNBZmHzeJHP0sxqD0t1mrMmMR8XroR12JBYzw==",
      "requires": {
        "@babel/runtime": "^7.3.1",
        "csstype": "^3.0.2",
        "is-in-browser": "^1.1.3",
        "tiny-warning": "^1.0.2"
      },
      "dependencies": {
        "csstype": {
          "version": "3.0.3",
          "resolved": "https://registry.npmjs.org/csstype/-/csstype-3.0.3.tgz",
          "integrity": "sha512-jPl+wbWPOWJ7SXsWyqGRk3lGecbar0Cb0OvZF/r/ZU011R4YqiRehgkQ9p4eQfo9DSDLqLL3wHwfxeJiuIsNag=="
        }
      }
    },
    "jss-plugin-camel-case": {
      "version": "10.4.0",
      "resolved": "https://registry.npmjs.org/jss-plugin-camel-case/-/jss-plugin-camel-case-10.4.0.tgz",
      "integrity": "sha512-9oDjsQ/AgdBbMyRjc06Kl3P8lDCSEts2vYZiPZfGAxbGCegqE4RnMob3mDaBby5H9vL9gWmyyImhLRWqIkRUCw==",
      "requires": {
        "@babel/runtime": "^7.3.1",
        "hyphenate-style-name": "^1.0.3",
        "jss": "10.4.0"
      }
    },
    "jss-plugin-default-unit": {
      "version": "10.4.0",
      "resolved": "https://registry.npmjs.org/jss-plugin-default-unit/-/jss-plugin-default-unit-10.4.0.tgz",
      "integrity": "sha512-BYJ+Y3RUYiMEgmlcYMLqwbA49DcSWsGgHpVmEEllTC8MK5iJ7++pT9TnKkKBnNZZxTV75ycyFCR5xeLSOzVm4A==",
      "requires": {
        "@babel/runtime": "^7.3.1",
        "jss": "10.4.0"
      }
    },
    "jss-plugin-global": {
      "version": "10.4.0",
      "resolved": "https://registry.npmjs.org/jss-plugin-global/-/jss-plugin-global-10.4.0.tgz",
      "integrity": "sha512-b8IHMJUmv29cidt3nI4bUI1+Mo5RZE37kqthaFpmxf5K7r2aAegGliAw4hXvA70ca6ckAoXMUl4SN/zxiRcRag==",
      "requires": {
        "@babel/runtime": "^7.3.1",
        "jss": "10.4.0"
      }
    },
    "jss-plugin-nested": {
      "version": "10.4.0",
      "resolved": "https://registry.npmjs.org/jss-plugin-nested/-/jss-plugin-nested-10.4.0.tgz",
      "integrity": "sha512-cKgpeHIxAP0ygeWh+drpLbrxFiak6zzJ2toVRi/NmHbpkNaLjTLgePmOz5+67ln3qzJiPdXXJB1tbOyYKAP4Pw==",
      "requires": {
        "@babel/runtime": "^7.3.1",
        "jss": "10.4.0",
        "tiny-warning": "^1.0.2"
      }
    },
    "jss-plugin-props-sort": {
      "version": "10.4.0",
      "resolved": "https://registry.npmjs.org/jss-plugin-props-sort/-/jss-plugin-props-sort-10.4.0.tgz",
      "integrity": "sha512-j/t0R40/2fp+Nzt6GgHeUFnHVY2kPGF5drUVlgkcwYoHCgtBDOhTTsOfdaQFW6sHWfoQYgnGV4CXdjlPiRrzwA==",
      "requires": {
        "@babel/runtime": "^7.3.1",
        "jss": "10.4.0"
      }
    },
    "jss-plugin-rule-value-function": {
      "version": "10.4.0",
      "resolved": "https://registry.npmjs.org/jss-plugin-rule-value-function/-/jss-plugin-rule-value-function-10.4.0.tgz",
      "integrity": "sha512-w8504Cdfu66+0SJoLkr6GUQlEb8keHg8ymtJXdVHWh0YvFxDG2l/nS93SI5Gfx0fV29dO6yUugXnKzDFJxrdFQ==",
      "requires": {
        "@babel/runtime": "^7.3.1",
        "jss": "10.4.0",
        "tiny-warning": "^1.0.2"
      }
    },
    "jss-plugin-vendor-prefixer": {
      "version": "10.4.0",
      "resolved": "https://registry.npmjs.org/jss-plugin-vendor-prefixer/-/jss-plugin-vendor-prefixer-10.4.0.tgz",
      "integrity": "sha512-DpF+/a+GU8hMh/948sBGnKSNfKkoHg2p9aRFUmyoyxgKjOeH9n74Ht3Yt8lOgdZsuWNJbPrvaa3U4PXKwxVpTQ==",
      "requires": {
        "@babel/runtime": "^7.3.1",
        "css-vendor": "^2.0.8",
        "jss": "10.4.0"
      }
    },
    "lodash": {
      "version": "4.17.20",
      "resolved": "https://registry.npmjs.org/lodash/-/lodash-4.17.20.tgz",
      "integrity": "sha512-PlhdFcillOINfeV7Ni6oF1TAEayyZBoZ8bcshTHqOYJYlrqzRK5hagpagky5o4HfCzzd1TRkXPMFq6cKk9rGmA=="
    },
    "lodash-es": {
      "version": "4.17.15",
      "resolved": "https://registry.npmjs.org/lodash-es/-/lodash-es-4.17.15.tgz",
      "integrity": "sha512-rlrc3yU3+JNOpZ9zj5pQtxnx2THmvRykwL4Xlxoa8I9lHBlVbbyPhgyPMioxVZ4NqyxaVVtaJnzsyOidQIhyyQ=="
    },
    "loose-envify": {
      "version": "1.4.0",
      "resolved": "https://registry.npmjs.org/loose-envify/-/loose-envify-1.4.0.tgz",
      "integrity": "sha512-lyuxPGr/Wfhrlem2CL/UcnUc1zcqKAImBDzukY7Y5F/yQiNdko6+fRLevlw1HgMySw7f611UIY408EtxRSoK3Q==",
      "requires": {
        "js-tokens": "^3.0.0 || ^4.0.0"
      }
    },
    "minimatch": {
      "version": "3.0.4",
      "resolved": "https://registry.npmjs.org/minimatch/-/minimatch-3.0.4.tgz",
      "integrity": "sha512-yJHVQEhyqPLUTgt9B83PXu6W3rx4MvvHvSUvToogpwoGDOUQ+yDrR0HRot+yOCdCO7u4hX3pWft6kWBBcqh0UA==",
      "dev": true,
      "requires": {
        "brace-expansion": "^1.1.7"
      }
    },
    "object-assign": {
      "version": "4.1.1",
      "resolved": "https://registry.npmjs.org/object-assign/-/object-assign-4.1.1.tgz",
      "integrity": "sha1-IQmtx5ZYh8/AXLvUQsrIv7s2CGM="
    },
    "once": {
      "version": "1.4.0",
      "resolved": "https://registry.npmjs.org/once/-/once-1.4.0.tgz",
      "integrity": "sha1-WDsap3WWHUsROsF9nFC6753Xa9E=",
      "dev": true,
      "requires": {
        "wrappy": "1"
      }
    },
    "path-is-absolute": {
      "version": "1.0.1",
      "resolved": "https://registry.npmjs.org/path-is-absolute/-/path-is-absolute-1.0.1.tgz",
      "integrity": "sha1-F0uSaHNVNP+8es5r9TpanhtcX18=",
      "dev": true
    },
    "popper.js": {
      "version": "1.16.1-lts",
      "resolved": "https://registry.npmjs.org/popper.js/-/popper.js-1.16.1-lts.tgz",
      "integrity": "sha512-Kjw8nKRl1m+VrSFCoVGPph93W/qrSO7ZkqPpTf7F4bk/sqcfWK019dWBUpE/fBOsOQY1dks/Bmcbfn1heM/IsA=="
    },
    "prop-types": {
      "version": "15.7.2",
      "resolved": "https://registry.npmjs.org/prop-types/-/prop-types-15.7.2.tgz",
      "integrity": "sha512-8QQikdH7//R2vurIJSutZ1smHYTcLpRWEOlHnzcWHmBYrOGUysKwSsrC89BCiFj3CbrfJ/nXFdJepOVrY1GCHQ==",
      "requires": {
        "loose-envify": "^1.4.0",
        "object-assign": "^4.1.1",
        "react-is": "^16.8.1"
      }
    },
    "react": {
      "version": "16.13.1",
      "resolved": "https://registry.npmjs.org/react/-/react-16.13.1.tgz",
      "integrity": "sha512-YMZQQq32xHLX0bz5Mnibv1/LHb3Sqzngu7xstSM+vrkE5Kzr9xE0yMByK5kMoTK30YVJE61WfbxIFFvfeDKT1w==",
      "dev": true,
      "requires": {
        "loose-envify": "^1.1.0",
        "object-assign": "^4.1.1",
        "prop-types": "^15.6.2"
      }
    },
    "react-dom": {
      "version": "16.13.1",
      "resolved": "https://registry.npmjs.org/react-dom/-/react-dom-16.13.1.tgz",
      "integrity": "sha512-81PIMmVLnCNLO/fFOQxdQkvEq/+Hfpv24XNJfpyZhTRfO0QcmQIF/PgCa1zCOj2w1hrn12MFLyaJ/G0+Mxtfag==",
      "dev": true,
      "requires": {
        "loose-envify": "^1.1.0",
        "object-assign": "^4.1.1",
        "prop-types": "^15.6.2",
        "scheduler": "^0.19.1"
      }
    },
    "react-is": {
      "version": "16.13.1",
      "resolved": "https://registry.npmjs.org/react-is/-/react-is-16.13.1.tgz",
      "integrity": "sha512-24e6ynE2H+OKt4kqsOvNd8kBpV65zoxbA4BVsEOB3ARVWQki/DHzaUoC5KuON/BiccDaCCTZBuOcfZs70kR8bQ=="
    },
    "react-layout-effect": {
      "version": "1.0.5",
      "resolved": "https://registry.npmjs.org/react-layout-effect/-/react-layout-effect-1.0.5.tgz",
      "integrity": "sha512-zdRXHuch+OBHU6bvjTelOGUCM+UDr/iCY+c0wXLEAc+G4/FlcJruD/hUOzlKH5XgO90Y/BUJPNhI/g9kl+VAsA=="
    },
    "react-measure": {
      "version": "2.5.2",
      "resolved": "https://registry.npmjs.org/react-measure/-/react-measure-2.5.2.tgz",
      "integrity": "sha512-M+rpbTLWJ3FD6FXvYV6YEGvQ5tMayQ3fGrZhRPHrE9bVlBYfDCLuDcgNttYfk8IqfOI03jz6cbpqMRTUclQnaA==",
      "requires": {
        "@babel/runtime": "^7.2.0",
        "get-node-dimensions": "^1.2.1",
        "prop-types": "^15.6.2",
        "resize-observer-polyfill": "^1.5.0"
      }
    },
    "react-merge-refs": {
      "version": "1.1.0",
      "resolved": "https://registry.npmjs.org/react-merge-refs/-/react-merge-refs-1.1.0.tgz",
      "integrity": "sha512-alTKsjEL0dKH/ru1Iyn7vliS2QRcBp9zZPGoWxUOvRGWPUYgjo+V01is7p04It6KhgrzhJGnIj9GgX8W4bZoCQ=="
    },
    "react-promise-suspense": {
      "version": "0.3.3",
      "resolved": "https://registry.npmjs.org/react-promise-suspense/-/react-promise-suspense-0.3.3.tgz",
      "integrity": "sha512-OdehKsCEWYoV6pMcwxbvJH99UrbXylmXJ1QpEL9OfHaUBzcAihyfSJV8jFq325M/wW9iKc/BoiLROXxMul+MxA==",
      "requires": {
        "fast-deep-equal": "^2.0.1"
      }
    },
    "react-reconciler": {
      "version": "0.25.1",
      "resolved": "https://registry.npmjs.org/react-reconciler/-/react-reconciler-0.25.1.tgz",
      "integrity": "sha512-R5UwsIvRcSs3w8n9k3tBoTtUHdVhu9u84EG7E5M0Jk9F5i6DA1pQzPfUZd6opYWGy56MJOtV3VADzy6DRwYDjw==",
      "requires": {
        "loose-envify": "^1.1.0",
        "object-assign": "^4.1.1",
        "prop-types": "^15.6.2",
        "scheduler": "^0.19.1"
      }
    },
    "react-spring": {
      "version": "9.0.0-rc.3",
      "resolved": "https://registry.npmjs.org/react-spring/-/react-spring-9.0.0-rc.3.tgz",
      "integrity": "sha512-VX5Gi6svgRzjGvJ7qVRQBhFN+O2IuPvkSWepIg838LNIMqlc42xdIYtoGJYSqYjNO3IocSfkHlh49WVw6hHMUg==",
      "requires": {
        "@babel/runtime": "^7.3.1",
        "@react-spring/core": "9.0.0-rc.3",
        "@react-spring/konva": "9.0.0-rc.3",
        "@react-spring/native": "9.0.0-rc.3",
        "@react-spring/three": "9.0.0-rc.3",
        "@react-spring/web": "9.0.0-rc.3",
        "@react-spring/zdog": "9.0.0-rc.3"
      }
    },
    "react-three-fiber": {
      "version": "4.2.21",
      "resolved": "https://registry.npmjs.org/react-three-fiber/-/react-three-fiber-4.2.21.tgz",
      "integrity": "sha512-lbopEkL36cbAaG/y+iEGT1EFbVaVZBrOe2XGt2+HxsCL8AeWWiQQERo1HYiiqFc4p6DuoNq1hhOSxr1TKQjXuQ==",
      "requires": {
        "@babel/runtime": "^7.9.2",
        "@juggle/resize-observer": "^3.1.3",
        "react-merge-refs": "^1.0.0",
        "react-promise-suspense": "^0.3.2",
        "react-reconciler": "0.25.1",
        "react-use-measure": "^2.0.0",
        "resize-observer-polyfill": "^1.5.1",
        "scheduler": "0.19.1",
        "tiny-emitter": "^2.1.0",
        "utility-types": "^3.10.0"
      }
    },
    "react-three-flex": {
      "version": "0.5.2",
      "resolved": "https://registry.npmjs.org/react-three-flex/-/react-three-flex-0.5.2.tgz",
      "integrity": "sha512-XciDjhZBnd1s/1LQtawg3vLBEh/Wp2yRzTKjq9tnpw9x2oxqRa2yVpn7LCxR1DPu2s/pKFUuT/TGtGqB3wCJoA==",
      "requires": {
        "yoga-layout-prebuilt": "^1.9.6"
      }
    },
    "react-transition-group": {
      "version": "4.4.1",
      "resolved": "https://registry.npmjs.org/react-transition-group/-/react-transition-group-4.4.1.tgz",
      "integrity": "sha512-Djqr7OQ2aPUiYurhPalTrVy9ddmFCCzwhqQmtN+J3+3DzLO209Fdr70QrN8Z3DsglWql6iY1lDWAfpFiBtuKGw==",
      "requires": {
        "@babel/runtime": "^7.5.5",
        "dom-helpers": "^5.0.1",
        "loose-envify": "^1.4.0",
        "prop-types": "^15.6.2"
      }
    },
    "react-use-gesture": {
      "version": "7.0.16",
      "resolved": "https://registry.npmjs.org/react-use-gesture/-/react-use-gesture-7.0.16.tgz",
      "integrity": "sha512-gwgX+E+WQG0T1uFVl3z8j3ZwH3QQGIgVl7VtQEC2m0IscSs668sSps4Ss3CFp3Vns8xx0j9TVK4aBXH6+YrpEg=="
    },
    "react-use-measure": {
      "version": "2.0.1",
      "resolved": "https://registry.npmjs.org/react-use-measure/-/react-use-measure-2.0.1.tgz",
      "integrity": "sha512-lFfHiqcXbJ2/6aUkZwt8g5YYM7EGqNVxJhMqMPqv1BVXRKp8D7jYLlmma0SvhRY4WYxxkZpCdbJvhDylb5gcEA==",
      "requires": {
        "debounce": "^1.2.0"
      }
    },
    "regenerator-runtime": {
      "version": "0.13.7",
      "resolved": "https://registry.npmjs.org/regenerator-runtime/-/regenerator-runtime-0.13.7.tgz",
      "integrity": "sha512-a54FxoJDIr27pgf7IgeQGxmqUNYrcV338lf/6gH456HZ/PhX+5BcwHXG9ajESmwe6WRO0tAzRUrRmNONWgkrew=="
    },
    "resize-observer-polyfill": {
      "version": "1.5.1",
      "resolved": "https://registry.npmjs.org/resize-observer-polyfill/-/resize-observer-polyfill-1.5.1.tgz",
      "integrity": "sha512-LwZrotdHOo12nQuZlHEmtuXdqGoOD0OhaxopaNFxWzInpEgaLWoVuAMbTzixuosCx2nEG58ngzW3vxdWoxIgdg=="
    },
    "rifm": {
      "version": "0.7.0",
      "resolved": "https://registry.npmjs.org/rifm/-/rifm-0.7.0.tgz",
      "integrity": "sha512-DSOJTWHD67860I5ojetXdEQRIBvF6YcpNe53j0vn1vp9EUb9N80EiZTxgP+FkDKorWC8PZw052kTF4C1GOivCQ==",
      "requires": {
        "@babel/runtime": "^7.3.1"
      }
    },
    "rimraf": {
      "version": "3.0.2",
      "resolved": "https://registry.npmjs.org/rimraf/-/rimraf-3.0.2.tgz",
      "integrity": "sha512-JZkJMZkAGFFPP2YqXZXPbMlMBgsxzE8ILs4lMIX/2o0L9UBw9O/Y3o6wFw/i9YLapcUJWwqbi3kdxIPdC62TIA==",
      "dev": true,
      "requires": {
        "glob": "^7.1.3"
      }
    },
    "scheduler": {
      "version": "0.19.1",
      "resolved": "https://registry.npmjs.org/scheduler/-/scheduler-0.19.1.tgz",
      "integrity": "sha512-n/zwRWRYSUj0/3g/otKDRPMh6qv2SYMWNq85IEa8iZyAv8od9zDYpGSnpBEjNgcMNq6Scbu5KfIPxNF72R/2EA==",
      "requires": {
        "loose-envify": "^1.1.0",
        "object-assign": "^4.1.1"
      }
    },
    "three": {
      "version": "0.120.1",
      "resolved": "https://registry.npmjs.org/three/-/three-0.120.1.tgz",
      "integrity": "sha512-ktaCRFUR7JUZcKec+cBRz+oBex5pOVaJhrtxvFF2T7on53o9UkEux+/Nh1g/4zeb4t/pbxIFcADbn/ACu3LC1g=="
    },
    "tiny-emitter": {
      "version": "2.1.0",
      "resolved": "https://registry.npmjs.org/tiny-emitter/-/tiny-emitter-2.1.0.tgz",
      "integrity": "sha512-NB6Dk1A9xgQPMoGqC5CVXn123gWyte215ONT5Pp5a0yt4nlEoO1ZWeCwpncaekPHXO60i47ihFnZPiRPjRMq4Q=="
    },
    "tiny-warning": {
      "version": "1.0.3",
      "resolved": "https://registry.npmjs.org/tiny-warning/-/tiny-warning-1.0.3.tgz",
      "integrity": "sha512-lBN9zLN/oAf68o3zNXYrdCt1kP8WsiGW8Oo2ka41b2IM5JL/S1CTyX1rW0mb/zSuJun0ZUrDxx4sqvYS2FWzPA=="
    },
    "tslib": {
      "version": "1.13.0",
      "resolved": "https://registry.npmjs.org/tslib/-/tslib-1.13.0.tgz",
      "integrity": "sha512-i/6DQjL8Xf3be4K/E6Wgpekn5Qasl1usyw++dAA35Ue5orEn65VIxOA+YvNNl9HV3qv70T7CNwjODHZrLwvd1Q=="
    },
    "typescript": {
      "version": "4.0.2",
      "resolved": "https://registry.npmjs.org/typescript/-/typescript-4.0.2.tgz",
      "integrity": "sha512-e4ERvRV2wb+rRZ/IQeb3jm2VxBsirQLpQhdxplZ2MEzGvDkkMmPglecnNDfSUBivMjP93vRbngYYDQqQ/78bcQ==",
      "dev": true
    },
    "use-memo-one": {
      "version": "1.1.1",
      "resolved": "https://registry.npmjs.org/use-memo-one/-/use-memo-one-1.1.1.tgz",
      "integrity": "sha512-oFfsyun+bP7RX8X2AskHNTxu+R3QdE/RC5IefMbqptmACAA/gfol1KDD5KRzPsGMa62sWxGZw+Ui43u6x4ddoQ=="
    },
    "utility-types": {
      "version": "3.10.0",
      "resolved": "https://registry.npmjs.org/utility-types/-/utility-types-3.10.0.tgz",
      "integrity": "sha512-O11mqxmi7wMKCo6HKFt5AhO4BwY3VV68YU07tgxfz8zJTIxr4BpsezN49Ffwy9j3ZpwwJp4fkRwjRzq3uWE6Rg=="
    },
    "wrappy": {
      "version": "1.0.2",
      "resolved": "https://registry.npmjs.org/wrappy/-/wrappy-1.0.2.tgz",
      "integrity": "sha1-tSQ9jz7BqjXxNkYFvA0QNuMKtp8=",
      "dev": true
    },
    "yoga-layout-prebuilt": {
      "version": "1.9.6",
      "resolved": "https://registry.npmjs.org/yoga-layout-prebuilt/-/yoga-layout-prebuilt-1.9.6.tgz",
      "integrity": "sha512-Wursw6uqLXLMjBAO4SEShuzj8+EJXhCF71/rJ7YndHTkRAYSU0GY3OghRqfAk9HPUAAFMuqp3U1Wl+01vmGRQQ==",
      "requires": {
        "@types/yoga-layout": "1.9.2"
      }
    }
  }
}
